// !$*UTF8*$!
{
	archiveVersion = 1;
	classes = {
	};
	objectVersion = 55;
	objects = {

/* Begin PBXBuildFile section */
		D22BE44B28BE3923007D453A /* AppointmentViewController.swift in Sources */ = {isa = PBXBuildFile; fileRef = D22BE44A28BE3923007D453A /* AppointmentViewController.swift */; };
		D23AB278289C01370002A2A8 /* NotificationsViewController.swift in Sources */ = {isa = PBXBuildFile; fileRef = D23AB277289C01370002A2A8 /* NotificationsViewController.swift */; };
		D27711FD28B39D0400AB61B5 /* Checkbox.swift in Sources */ = {isa = PBXBuildFile; fileRef = D27711FC28B39D0400AB61B5 /* Checkbox.swift */; };
		D27711FF28B3B63100AB61B5 /* UserDefaultsManager.swift in Sources */ = {isa = PBXBuildFile; fileRef = D27711FE28B3B63100AB61B5 /* UserDefaultsManager.swift */; };
		D277120528B3E3F100AB61B5 /* ModelExtensions.swift in Sources */ = {isa = PBXBuildFile; fileRef = D277120428B3E3F100AB61B5 /* ModelExtensions.swift */; };
		D277120728B3E56100AB61B5 /* BaseViewController.swift in Sources */ = {isa = PBXBuildFile; fileRef = D277120628B3E56100AB61B5 /* BaseViewController.swift */; };
		D2797E412899250300896D96 /* UserController.swift in Sources */ = {isa = PBXBuildFile; fileRef = D2797E402899250300896D96 /* UserController.swift */; };
		D2797E442899410F00896D96 /* AlertHandler.swift in Sources */ = {isa = PBXBuildFile; fileRef = D2797E432899410F00896D96 /* AlertHandler.swift */; };
		D2797E492899897100896D96 /* FotoAndres.JPG in Resources */ = {isa = PBXBuildFile; fileRef = D2797E482899897000896D96 /* FotoAndres.JPG */; };
		D2797E7E2899DFE100896D96 /* Media.xcassets in Resources */ = {isa = PBXBuildFile; fileRef = D2797E7D2899DFE100896D96 /* Media.xcassets */; };
		D2B03A7D28B5262200D2E463 /* SettingsController.swift in Sources */ = {isa = PBXBuildFile; fileRef = D2B03A7C28B5262200D2E463 /* SettingsController.swift */; };
		D2BA0B8728B62473003D3AB9 /* Utils.swift in Sources */ = {isa = PBXBuildFile; fileRef = D2BA0B8628B62473003D3AB9 /* Utils.swift */; };
		D2BA0B8928B6456E003D3AB9 /* AppointmentController.swift in Sources */ = {isa = PBXBuildFile; fileRef = D2BA0B8828B6456E003D3AB9 /* AppointmentController.swift */; };
		D2BA0B8B28B64588003D3AB9 /* NotificationController.swift in Sources */ = {isa = PBXBuildFile; fileRef = D2BA0B8A28B64588003D3AB9 /* NotificationController.swift */; };
		D2BA0B8D28B83A82003D3AB9 /* BaseController.swift in Sources */ = {isa = PBXBuildFile; fileRef = D2BA0B8C28B83A82003D3AB9 /* BaseController.swift */; };
		D2D3DADE289442B5000130D5 /* AppDelegate.swift in Sources */ = {isa = PBXBuildFile; fileRef = D2D3DADD289442B5000130D5 /* AppDelegate.swift */; };
		D2D3DAE0289442B5000130D5 /* SceneDelegate.swift in Sources */ = {isa = PBXBuildFile; fileRef = D2D3DADF289442B5000130D5 /* SceneDelegate.swift */; };
		D2D3DAE2289442B5000130D5 /* LoginController.swift in Sources */ = {isa = PBXBuildFile; fileRef = D2D3DAE1289442B5000130D5 /* LoginController.swift */; };
		D2D3DAE5289442B5000130D5 /* Main.storyboard in Resources */ = {isa = PBXBuildFile; fileRef = D2D3DAE3289442B5000130D5 /* Main.storyboard */; };
		D2D3DAE8289442B5000130D5 /* MeetnRun.xcdatamodeld in Sources */ = {isa = PBXBuildFile; fileRef = D2D3DAE6289442B5000130D5 /* MeetnRun.xcdatamodeld */; };
		D2D3DAEA289442B7000130D5 /* Assets.xcassets in Resources */ = {isa = PBXBuildFile; fileRef = D2D3DAE9289442B7000130D5 /* Assets.xcassets */; };
		D2D3DAED289442B7000130D5 /* LaunchScreen.storyboard in Resources */ = {isa = PBXBuildFile; fileRef = D2D3DAEB289442B7000130D5 /* LaunchScreen.storyboard */; };
		D2D3DAF72894457A000130D5 /* SignProfessionalController.swift in Sources */ = {isa = PBXBuildFile; fileRef = D2D3DAF62894457A000130D5 /* SignProfessionalController.swift */; };
		D2D3DAFC28944746000130D5 /* HomeTabController.swift in Sources */ = {isa = PBXBuildFile; fileRef = D2D3DAFB28944746000130D5 /* HomeTabController.swift */; };
		D2D3DAFE2894481F000130D5 /* AddAppointmentController.swift in Sources */ = {isa = PBXBuildFile; fileRef = D2D3DAFD2894481F000130D5 /* AddAppointmentController.swift */; };
		D2D3DB0028944943000130D5 /* ListController.swift in Sources */ = {isa = PBXBuildFile; fileRef = D2D3DAFF28944943000130D5 /* ListController.swift */; };
		D2D3DB02289449E9000130D5 /* UserViewController.swift in Sources */ = {isa = PBXBuildFile; fileRef = D2D3DB01289449E9000130D5 /* UserViewController.swift */; };
		D2D3DB0428944A62000130D5 /* AddUserController.swift in Sources */ = {isa = PBXBuildFile; fileRef = D2D3DB0328944A62000130D5 /* AddUserController.swift */; };
		D2D3DB0D28944EC9000130D5 /* logo.png in Resources */ = {isa = PBXBuildFile; fileRef = D2D3DB0C28944EC9000130D5 /* logo.png */; };
/* End PBXBuildFile section */

/* Begin PBXFileReference section */
		D22BE44A28BE3923007D453A /* AppointmentViewController.swift */ = {isa = PBXFileReference; lastKnownFileType = sourcecode.swift; path = AppointmentViewController.swift; sourceTree = "<group>"; };
		D22BE44D28BE64EB007D453A /* CallKit.framework */ = {isa = PBXFileReference; lastKnownFileType = wrapper.framework; name = CallKit.framework; path = System/Library/Frameworks/CallKit.framework; sourceTree = SDKROOT; };
		D23AB277289C01370002A2A8 /* NotificationsViewController.swift */ = {isa = PBXFileReference; lastKnownFileType = sourcecode.swift; path = NotificationsViewController.swift; sourceTree = "<group>"; };
		D27711FC28B39D0400AB61B5 /* Checkbox.swift */ = {isa = PBXFileReference; lastKnownFileType = sourcecode.swift; path = Checkbox.swift; sourceTree = "<group>"; };
		D27711FE28B3B63100AB61B5 /* UserDefaultsManager.swift */ = {isa = PBXFileReference; lastKnownFileType = sourcecode.swift; path = UserDefaultsManager.swift; sourceTree = "<group>"; };
		D277120428B3E3F100AB61B5 /* ModelExtensions.swift */ = {isa = PBXFileReference; lastKnownFileType = sourcecode.swift; path = ModelExtensions.swift; sourceTree = "<group>"; };
		D277120628B3E56100AB61B5 /* BaseViewController.swift */ = {isa = PBXFileReference; lastKnownFileType = sourcecode.swift; path = BaseViewController.swift; sourceTree = "<group>"; };
		D2797E402899250300896D96 /* UserController.swift */ = {isa = PBXFileReference; lastKnownFileType = sourcecode.swift; path = UserController.swift; sourceTree = "<group>"; };
		D2797E432899410F00896D96 /* AlertHandler.swift */ = {isa = PBXFileReference; lastKnownFileType = sourcecode.swift; path = AlertHandler.swift; sourceTree = "<group>"; };
		D2797E482899897000896D96 /* FotoAndres.JPG */ = {isa = PBXFileReference; lastKnownFileType = image.jpeg; path = FotoAndres.JPG; sourceTree = "<group>"; };
		D2797E7D2899DFE100896D96 /* Media.xcassets */ = {isa = PBXFileReference; lastKnownFileType = folder.assetcatalog; path = Media.xcassets; sourceTree = "<group>"; };
		D2B03A7C28B5262200D2E463 /* SettingsController.swift */ = {isa = PBXFileReference; lastKnownFileType = sourcecode.swift; path = SettingsController.swift; sourceTree = "<group>"; };
		D2BA0B8628B62473003D3AB9 /* Utils.swift */ = {isa = PBXFileReference; lastKnownFileType = sourcecode.swift; path = Utils.swift; sourceTree = "<group>"; };
		D2BA0B8828B6456E003D3AB9 /* AppointmentController.swift */ = {isa = PBXFileReference; lastKnownFileType = sourcecode.swift; path = AppointmentController.swift; sourceTree = "<group>"; };
		D2BA0B8A28B64588003D3AB9 /* NotificationController.swift */ = {isa = PBXFileReference; lastKnownFileType = sourcecode.swift; path = NotificationController.swift; sourceTree = "<group>"; };
		D2BA0B8C28B83A82003D3AB9 /* BaseController.swift */ = {isa = PBXFileReference; lastKnownFileType = sourcecode.swift; path = BaseController.swift; sourceTree = "<group>"; };
		D2D3DADA289442B5000130D5 /* MeetnRun.app */ = {isa = PBXFileReference; explicitFileType = wrapper.application; includeInIndex = 0; path = MeetnRun.app; sourceTree = BUILT_PRODUCTS_DIR; };
		D2D3DADD289442B5000130D5 /* AppDelegate.swift */ = {isa = PBXFileReference; lastKnownFileType = sourcecode.swift; path = AppDelegate.swift; sourceTree = "<group>"; };
		D2D3DADF289442B5000130D5 /* SceneDelegate.swift */ = {isa = PBXFileReference; lastKnownFileType = sourcecode.swift; path = SceneDelegate.swift; sourceTree = "<group>"; };
		D2D3DAE1289442B5000130D5 /* LoginController.swift */ = {isa = PBXFileReference; lastKnownFileType = sourcecode.swift; path = LoginController.swift; sourceTree = "<group>"; };
		D2D3DAE4289442B5000130D5 /* Base */ = {isa = PBXFileReference; lastKnownFileType = file.storyboard; name = Base; path = Base.lproj/Main.storyboard; sourceTree = "<group>"; };
		D2D3DAE7289442B5000130D5 /* MeetnRun.xcdatamodel */ = {isa = PBXFileReference; lastKnownFileType = wrapper.xcdatamodel; path = MeetnRun.xcdatamodel; sourceTree = "<group>"; };
		D2D3DAE9289442B7000130D5 /* Assets.xcassets */ = {isa = PBXFileReference; lastKnownFileType = folder.assetcatalog; path = Assets.xcassets; sourceTree = "<group>"; };
		D2D3DAEC289442B7000130D5 /* Base */ = {isa = PBXFileReference; lastKnownFileType = file.storyboard; name = Base; path = Base.lproj/LaunchScreen.storyboard; sourceTree = "<group>"; };
		D2D3DAEE289442B7000130D5 /* Info.plist */ = {isa = PBXFileReference; lastKnownFileType = text.plist.xml; path = Info.plist; sourceTree = "<group>"; };
		D2D3DAF62894457A000130D5 /* SignProfessionalController.swift */ = {isa = PBXFileReference; lastKnownFileType = sourcecode.swift; path = SignProfessionalController.swift; sourceTree = "<group>"; };
		D2D3DAFB28944746000130D5 /* HomeTabController.swift */ = {isa = PBXFileReference; lastKnownFileType = sourcecode.swift; path = HomeTabController.swift; sourceTree = "<group>"; };
		D2D3DAFD2894481F000130D5 /* AddAppointmentController.swift */ = {isa = PBXFileReference; lastKnownFileType = sourcecode.swift; path = AddAppointmentController.swift; sourceTree = "<group>"; };
		D2D3DAFF28944943000130D5 /* ListController.swift */ = {isa = PBXFileReference; lastKnownFileType = sourcecode.swift; path = ListController.swift; sourceTree = "<group>"; };
		D2D3DB01289449E9000130D5 /* UserViewController.swift */ = {isa = PBXFileReference; lastKnownFileType = sourcecode.swift; path = UserViewController.swift; sourceTree = "<group>"; };
		D2D3DB0328944A62000130D5 /* AddUserController.swift */ = {isa = PBXFileReference; lastKnownFileType = sourcecode.swift; path = AddUserController.swift; sourceTree = "<group>"; };
		D2D3DB0C28944EC9000130D5 /* logo.png */ = {isa = PBXFileReference; lastKnownFileType = image.png; path = logo.png; sourceTree = "<group>"; };
/* End PBXFileReference section */

/* Begin PBXFrameworksBuildPhase section */
		D2D3DAD7289442B5000130D5 /* Frameworks */ = {
			isa = PBXFrameworksBuildPhase;
			buildActionMask = 2147483647;
			files = (
			);
			runOnlyForDeploymentPostprocessing = 0;
		};
/* End PBXFrameworksBuildPhase section */

/* Begin PBXGroup section */
		D22BE44C28BE64EA007D453A /* Frameworks */ = {
			isa = PBXGroup;
			children = (
				D22BE44D28BE64EB007D453A /* CallKit.framework */,
			);
			name = Frameworks;
			sourceTree = "<group>";
		};
		D2797E3B2899243600896D96 /* ViewControllers */ = {
			isa = PBXGroup;
			children = (
				D2D3DAE1289442B5000130D5 /* LoginController.swift */,
				D2D3DAFB28944746000130D5 /* HomeTabController.swift */,
				D2D3DAFF28944943000130D5 /* ListController.swift */,
				D2D3DB0328944A62000130D5 /* AddUserController.swift */,
				D2D3DB01289449E9000130D5 /* UserViewController.swift */,
				D2D3DAFD2894481F000130D5 /* AddAppointmentController.swift */,
				D2D3DAF62894457A000130D5 /* SignProfessionalController.swift */,
				D23AB277289C01370002A2A8 /* NotificationsViewController.swift */,
				D277120628B3E56100AB61B5 /* BaseViewController.swift */,
				D2B03A7C28B5262200D2E463 /* SettingsController.swift */,
				D22BE44A28BE3923007D453A /* AppointmentViewController.swift */,
			);
			path = ViewControllers;
			sourceTree = "<group>";
		};
		D2797E42289940EF00896D96 /* Utils */ = {
			isa = PBXGroup;
			children = (
				D2797E432899410F00896D96 /* AlertHandler.swift */,
				D27711FC28B39D0400AB61B5 /* Checkbox.swift */,
				D27711FE28B3B63100AB61B5 /* UserDefaultsManager.swift */,
				D2BA0B8628B62473003D3AB9 /* Utils.swift */,
			);
			path = Utils;
			sourceTree = "<group>";
		};
		D2797E452899892200896D96 /* Resources */ = {
			isa = PBXGroup;
			children = (
				D2797E7D2899DFE100896D96 /* Media.xcassets */,
				D2797E482899897000896D96 /* FotoAndres.JPG */,
				D2D3DB0C28944EC9000130D5 /* logo.png */,
			);
			path = Resources;
			sourceTree = "<group>";
		};
		D2D3DAD1289442B5000130D5 = {
			isa = PBXGroup;
			children = (
				D2D3DADC289442B5000130D5 /* MeetnRun */,
				D2D3DADB289442B5000130D5 /* Products */,
				D22BE44C28BE64EA007D453A /* Frameworks */,
			);
			sourceTree = "<group>";
		};
		D2D3DADB289442B5000130D5 /* Products */ = {
			isa = PBXGroup;
			children = (
				D2D3DADA289442B5000130D5 /* MeetnRun.app */,
			);
			name = Products;
			sourceTree = "<group>";
		};
		D2D3DADC289442B5000130D5 /* MeetnRun */ = {
			isa = PBXGroup;
			children = (
				D2797E452899892200896D96 /* Resources */,
				D2797E42289940EF00896D96 /* Utils */,
				D2797E3B2899243600896D96 /* ViewControllers */,
				D2D3DB0528944BA6000130D5 /* Model */,
				D2D3DAFA28944694000130D5 /* Controllers */,
				D2D3DADD289442B5000130D5 /* AppDelegate.swift */,
				D2D3DADF289442B5000130D5 /* SceneDelegate.swift */,
				D2D3DAE3289442B5000130D5 /* Main.storyboard */,
				D2D3DAE9289442B7000130D5 /* Assets.xcassets */,
				D2D3DAEB289442B7000130D5 /* LaunchScreen.storyboard */,
				D2D3DAEE289442B7000130D5 /* Info.plist */,
				D2D3DAE6289442B5000130D5 /* MeetnRun.xcdatamodeld */,
			);
			path = MeetnRun;
			sourceTree = "<group>";
		};
		D2D3DAFA28944694000130D5 /* Controllers */ = {
			isa = PBXGroup;
			children = (
				D2797E402899250300896D96 /* UserController.swift */,
				D2BA0B8828B6456E003D3AB9 /* AppointmentController.swift */,
				D2BA0B8A28B64588003D3AB9 /* NotificationController.swift */,
				D2BA0B8C28B83A82003D3AB9 /* BaseController.swift */,
			);
			path = Controllers;
			sourceTree = "<group>";
		};
		D2D3DB0528944BA6000130D5 /* Model */ = {
			isa = PBXGroup;
			children = (
				D277120428B3E3F100AB61B5 /* ModelExtensions.swift */,
			);
			path = Model;
			sourceTree = "<group>";
		};
/* End PBXGroup section */

/* Begin PBXNativeTarget section */
		D2D3DAD9289442B5000130D5 /* MeetnRun */ = {
			isa = PBXNativeTarget;
			buildConfigurationList = D2D3DAF1289442B7000130D5 /* Build configuration list for PBXNativeTarget "MeetnRun" */;
			buildPhases = (
				D2D3DAD6289442B5000130D5 /* Sources */,
				D2D3DAD7289442B5000130D5 /* Frameworks */,
				D2D3DAD8289442B5000130D5 /* Resources */,
			);
			buildRules = (
			);
			dependencies = (
			);
			name = MeetnRun;
			productName = MeetnRun;
			productReference = D2D3DADA289442B5000130D5 /* MeetnRun.app */;
			productType = "com.apple.product-type.application";
		};
/* End PBXNativeTarget section */

/* Begin PBXProject section */
		D2D3DAD2289442B5000130D5 /* Project object */ = {
			isa = PBXProject;
			attributes = {
				BuildIndependentTargetsInParallel = 1;
				LastSwiftUpdateCheck = 1340;
				LastUpgradeCheck = 1340;
				TargetAttributes = {
					D2D3DAD9289442B5000130D5 = {
						CreatedOnToolsVersion = 13.4.1;
					};
				};
			};
			buildConfigurationList = D2D3DAD5289442B5000130D5 /* Build configuration list for PBXProject "MeetnRun" */;
			compatibilityVersion = "Xcode 13.0";
			developmentRegion = en;
			hasScannedForEncodings = 0;
			knownRegions = (
				en,
				Base,
				es,
			);
			mainGroup = D2D3DAD1289442B5000130D5;
			productRefGroup = D2D3DADB289442B5000130D5 /* Products */;
			projectDirPath = "";
			projectRoot = "";
			targets = (
				D2D3DAD9289442B5000130D5 /* MeetnRun */,
			);
		};
/* End PBXProject section */

/* Begin PBXResourcesBuildPhase section */
		D2D3DAD8289442B5000130D5 /* Resources */ = {
			isa = PBXResourcesBuildPhase;
			buildActionMask = 2147483647;
			files = (
				D2D3DB0D28944EC9000130D5 /* logo.png in Resources */,
				D2D3DAED289442B7000130D5 /* LaunchScreen.storyboard in Resources */,
				D2797E492899897100896D96 /* FotoAndres.JPG in Resources */,
				D2D3DAEA289442B7000130D5 /* Assets.xcassets in Resources */,
				D2797E7E2899DFE100896D96 /* Media.xcassets in Resources */,
				D2D3DAE5289442B5000130D5 /* Main.storyboard in Resources */,
			);
			runOnlyForDeploymentPostprocessing = 0;
		};
/* End PBXResourcesBuildPhase section */

/* Begin PBXSourcesBuildPhase section */
		D2D3DAD6289442B5000130D5 /* Sources */ = {
			isa = PBXSourcesBuildPhase;
			buildActionMask = 2147483647;
			files = (
				D2B03A7D28B5262200D2E463 /* SettingsController.swift in Sources */,
				D2D3DB02289449E9000130D5 /* UserViewController.swift in Sources */,
				D2D3DAE2289442B5000130D5 /* LoginController.swift in Sources */,
				D2BA0B8B28B64588003D3AB9 /* NotificationController.swift in Sources */,
				D2D3DADE289442B5000130D5 /* AppDelegate.swift in Sources */,
				D2D3DB0028944943000130D5 /* ListController.swift in Sources */,
				D2D3DAFE2894481F000130D5 /* AddAppointmentController.swift in Sources */,
				D277120728B3E56100AB61B5 /* BaseViewController.swift in Sources */,
				D277120528B3E3F100AB61B5 /* ModelExtensions.swift in Sources */,
				D23AB278289C01370002A2A8 /* NotificationsViewController.swift in Sources */,
				D27711FF28B3B63100AB61B5 /* UserDefaultsManager.swift in Sources */,
				D2D3DAE0289442B5000130D5 /* SceneDelegate.swift in Sources */,
				D2797E412899250300896D96 /* UserController.swift in Sources */,
				D2D3DAF72894457A000130D5 /* SignProfessionalController.swift in Sources */,
				D2D3DAE8289442B5000130D5 /* MeetnRun.xcdatamodeld in Sources */,
				D2D3DB0428944A62000130D5 /* AddUserController.swift in Sources */,
				D2797E442899410F00896D96 /* AlertHandler.swift in Sources */,
				D2D3DAFC28944746000130D5 /* HomeTabController.swift in Sources */,
				D2BA0B8928B6456E003D3AB9 /* AppointmentController.swift in Sources */,
				D2BA0B8728B62473003D3AB9 /* Utils.swift in Sources */,
				D22BE44B28BE3923007D453A /* AppointmentViewController.swift in Sources */,
				D2BA0B8D28B83A82003D3AB9 /* BaseController.swift in Sources */,
				D27711FD28B39D0400AB61B5 /* Checkbox.swift in Sources */,
			);
			runOnlyForDeploymentPostprocessing = 0;
		};
/* End PBXSourcesBuildPhase section */

/* Begin PBXVariantGroup section */
		D2D3DAE3289442B5000130D5 /* Main.storyboard */ = {
			isa = PBXVariantGroup;
			children = (
				D2D3DAE4289442B5000130D5 /* Base */,
			);
			name = Main.storyboard;
			sourceTree = "<group>";
		};
		D2D3DAEB289442B7000130D5 /* LaunchScreen.storyboard */ = {
			isa = PBXVariantGroup;
			children = (
				D2D3DAEC289442B7000130D5 /* Base */,
			);
			name = LaunchScreen.storyboard;
			sourceTree = "<group>";
		};
/* End PBXVariantGroup section */

/* Begin XCBuildConfiguration section */
		D2D3DAEF289442B7000130D5 /* Debug */ = {
			isa = XCBuildConfiguration;
			buildSettings = {
				ALWAYS_SEARCH_USER_PATHS = NO;
				CLANG_ANALYZER_LOCALIZABILITY_NONLOCALIZED = YES;
				CLANG_ANALYZER_NONNULL = YES;
				CLANG_ANALYZER_NUMBER_OBJECT_CONVERSION = YES_AGGRESSIVE;
				CLANG_CXX_LANGUAGE_STANDARD = "gnu++17";
				CLANG_ENABLE_MODULES = YES;
				CLANG_ENABLE_OBJC_ARC = YES;
				CLANG_ENABLE_OBJC_WEAK = YES;
				CLANG_WARN_BLOCK_CAPTURE_AUTORELEASING = YES;
				CLANG_WARN_BOOL_CONVERSION = YES;
				CLANG_WARN_COMMA = YES;
				CLANG_WARN_CONSTANT_CONVERSION = YES;
				CLANG_WARN_DEPRECATED_OBJC_IMPLEMENTATIONS = YES;
				CLANG_WARN_DIRECT_OBJC_ISA_USAGE = YES_ERROR;
				CLANG_WARN_DOCUMENTATION_COMMENTS = YES;
				CLANG_WARN_EMPTY_BODY = YES;
				CLANG_WARN_ENUM_CONVERSION = YES;
				CLANG_WARN_INFINITE_RECURSION = YES;
				CLANG_WARN_INT_CONVERSION = YES;
				CLANG_WARN_NON_LITERAL_NULL_CONVERSION = YES;
				CLANG_WARN_OBJC_IMPLICIT_RETAIN_SELF = YES;
				CLANG_WARN_OBJC_LITERAL_CONVERSION = YES;
				CLANG_WARN_OBJC_ROOT_CLASS = YES_ERROR;
				CLANG_WARN_QUOTED_INCLUDE_IN_FRAMEWORK_HEADER = YES;
				CLANG_WARN_RANGE_LOOP_ANALYSIS = YES;
				CLANG_WARN_STRICT_PROTOTYPES = YES;
				CLANG_WARN_SUSPICIOUS_MOVE = YES;
				CLANG_WARN_UNGUARDED_AVAILABILITY = YES_AGGRESSIVE;
				CLANG_WARN_UNREACHABLE_CODE = YES;
				CLANG_WARN__DUPLICATE_METHOD_MATCH = YES;
				COPY_PHASE_STRIP = NO;
				DEBUG_INFORMATION_FORMAT = dwarf;
				ENABLE_STRICT_OBJC_MSGSEND = YES;
				ENABLE_TESTABILITY = YES;
				GCC_C_LANGUAGE_STANDARD = gnu11;
				GCC_DYNAMIC_NO_PIC = NO;
				GCC_NO_COMMON_BLOCKS = YES;
				GCC_OPTIMIZATION_LEVEL = 0;
				GCC_PREPROCESSOR_DEFINITIONS = (
					"DEBUG=1",
					"$(inherited)",
				);
				GCC_WARN_64_TO_32_BIT_CONVERSION = YES;
				GCC_WARN_ABOUT_RETURN_TYPE = YES_ERROR;
				GCC_WARN_UNDECLARED_SELECTOR = YES;
				GCC_WARN_UNINITIALIZED_AUTOS = YES_AGGRESSIVE;
				GCC_WARN_UNUSED_FUNCTION = YES;
				GCC_WARN_UNUSED_VARIABLE = YES;
				IPHONEOS_DEPLOYMENT_TARGET = 15.5;
				MTL_ENABLE_DEBUG_INFO = INCLUDE_SOURCE;
				MTL_FAST_MATH = YES;
				ONLY_ACTIVE_ARCH = YES;
				SDKROOT = iphoneos;
				SWIFT_ACTIVE_COMPILATION_CONDITIONS = DEBUG;
				SWIFT_OPTIMIZATION_LEVEL = "-Onone";
			};
			name = Debug;
		};
		D2D3DAF0289442B7000130D5 /* Release */ = {
			isa = XCBuildConfiguration;
			buildSettings = {
				ALWAYS_SEARCH_USER_PATHS = NO;
				CLANG_ANALYZER_LOCALIZABILITY_NONLOCALIZED = YES;
				CLANG_ANALYZER_NONNULL = YES;
				CLANG_ANALYZER_NUMBER_OBJECT_CONVERSION = YES_AGGRESSIVE;
				CLANG_CXX_LANGUAGE_STANDARD = "gnu++17";
				CLANG_ENABLE_MODULES = YES;
				CLANG_ENABLE_OBJC_ARC = YES;
				CLANG_ENABLE_OBJC_WEAK = YES;
				CLANG_WARN_BLOCK_CAPTURE_AUTORELEASING = YES;
				CLANG_WARN_BOOL_CONVERSION = YES;
				CLANG_WARN_COMMA = YES;
				CLANG_WARN_CONSTANT_CONVERSION = YES;
				CLANG_WARN_DEPRECATED_OBJC_IMPLEMENTATIONS = YES;
				CLANG_WARN_DIRECT_OBJC_ISA_USAGE = YES_ERROR;
				CLANG_WARN_DOCUMENTATION_COMMENTS = YES;
				CLANG_WARN_EMPTY_BODY = YES;
				CLANG_WARN_ENUM_CONVERSION = YES;
				CLANG_WARN_INFINITE_RECURSION = YES;
				CLANG_WARN_INT_CONVERSION = YES;
				CLANG_WARN_NON_LITERAL_NULL_CONVERSION = YES;
				CLANG_WARN_OBJC_IMPLICIT_RETAIN_SELF = YES;
				CLANG_WARN_OBJC_LITERAL_CONVERSION = YES;
				CLANG_WARN_OBJC_ROOT_CLASS = YES_ERROR;
				CLANG_WARN_QUOTED_INCLUDE_IN_FRAMEWORK_HEADER = YES;
				CLANG_WARN_RANGE_LOOP_ANALYSIS = YES;
				CLANG_WARN_STRICT_PROTOTYPES = YES;
				CLANG_WARN_SUSPICIOUS_MOVE = YES;
				CLANG_WARN_UNGUARDED_AVAILABILITY = YES_AGGRESSIVE;
				CLANG_WARN_UNREACHABLE_CODE = YES;
				CLANG_WARN__DUPLICATE_METHOD_MATCH = YES;
				COPY_PHASE_STRIP = NO;
				DEBUG_INFORMATION_FORMAT = "dwarf-with-dsym";
				ENABLE_NS_ASSERTIONS = NO;
				ENABLE_STRICT_OBJC_MSGSEND = YES;
				GCC_C_LANGUAGE_STANDARD = gnu11;
				GCC_NO_COMMON_BLOCKS = YES;
				GCC_WARN_64_TO_32_BIT_CONVERSION = YES;
				GCC_WARN_ABOUT_RETURN_TYPE = YES_ERROR;
				GCC_WARN_UNDECLARED_SELECTOR = YES;
				GCC_WARN_UNINITIALIZED_AUTOS = YES_AGGRESSIVE;
				GCC_WARN_UNUSED_FUNCTION = YES;
				GCC_WARN_UNUSED_VARIABLE = YES;
				IPHONEOS_DEPLOYMENT_TARGET = 15.5;
				MTL_ENABLE_DEBUG_INFO = NO;
				MTL_FAST_MATH = YES;
				SDKROOT = iphoneos;
				SWIFT_COMPILATION_MODE = wholemodule;
				SWIFT_OPTIMIZATION_LEVEL = "-O";
				VALIDATE_PRODUCT = YES;
			};
			name = Release;
		};
		D2D3DAF2289442B7000130D5 /* Debug */ = {
			isa = XCBuildConfiguration;
			buildSettings = {
				ASSETCATALOG_COMPILER_APPICON_NAME = AppIcon;
				ASSETCATALOG_COMPILER_GLOBAL_ACCENT_COLOR_NAME = AccentColor;
				CODE_SIGN_STYLE = Automatic;
				CURRENT_PROJECT_VERSION = 1;
				DEVELOPMENT_TEAM = KR93WSVFD4;
				GENERATE_INFOPLIST_FILE = YES;
				INFOPLIST_FILE = MeetnRun/Info.plist;
				INFOPLIST_KEY_UIApplicationSupportsIndirectInputEvents = YES;
				INFOPLIST_KEY_UILaunchStoryboardName = LaunchScreen;
				INFOPLIST_KEY_UIMainStoryboardFile = Main;
				INFOPLIST_KEY_UISupportedInterfaceOrientations_iPad = "UIInterfaceOrientationPortrait UIInterfaceOrientationPortraitUpsideDown UIInterfaceOrientationLandscapeLeft UIInterfaceOrientationLandscapeRight";
				INFOPLIST_KEY_UISupportedInterfaceOrientations_iPhone = "UIInterfaceOrientationPortrait UIInterfaceOrientationLandscapeLeft UIInterfaceOrientationLandscapeRight";
				LD_RUNPATH_SEARCH_PATHS = (
					"$(inherited)",
					"@executable_path/Frameworks",
				);
				MARKETING_VERSION = 1.0;
				PRODUCT_BUNDLE_IDENTIFIER = tokioschool.alugo.MeetnRun;
				PRODUCT_NAME = "$(TARGET_NAME)";
				SWIFT_EMIT_LOC_STRINGS = YES;
				SWIFT_VERSION = 5.0;
				TARGETED_DEVICE_FAMILY = "1,2";
			};
			name = Debug;
		};
		D2D3DAF3289442B7000130D5 /* Release */ = {
			isa = XCBuildConfiguration;
			buildSettings = {
				ASSETCATALOG_COMPILER_APPICON_NAME = AppIcon;
				ASSETCATALOG_COMPILER_GLOBAL_ACCENT_COLOR_NAME = AccentColor;
				CODE_SIGN_STYLE = Automatic;
				CURRENT_PROJECT_VERSION = 1;
				DEVELOPMENT_TEAM = KR93WSVFD4;
				GENERATE_INFOPLIST_FILE = YES;
				INFOPLIST_FILE = MeetnRun/Info.plist;
				INFOPLIST_KEY_UIApplicationSupportsIndirectInputEvents = YES;
				INFOPLIST_KEY_UILaunchStoryboardName = LaunchScreen;
				INFOPLIST_KEY_UIMainStoryboardFile = Main;
				INFOPLIST_KEY_UISupportedInterfaceOrientations_iPad = "UIInterfaceOrientationPortrait UIInterfaceOrientationPortraitUpsideDown UIInterfaceOrientationLandscapeLeft UIInterfaceOrientationLandscapeRight";
				INFOPLIST_KEY_UISupportedInterfaceOrientations_iPhone = "UIInterfaceOrientationPortrait UIInterfaceOrientationLandscapeLeft UIInterfaceOrientationLandscapeRight";
				LD_RUNPATH_SEARCH_PATHS = (
					"$(inherited)",
					"@executable_path/Frameworks",
				);
				MARKETING_VERSION = 1.0;
				PRODUCT_BUNDLE_IDENTIFIER = tokioschool.alugo.MeetnRun;
				PRODUCT_NAME = "$(TARGET_NAME)";
				SWIFT_EMIT_LOC_STRINGS = YES;
				SWIFT_VERSION = 5.0;
				TARGETED_DEVICE_FAMILY = "1,2";
			};
			name = Release;
		};
/* End XCBuildConfiguration section */

/* Begin XCConfigurationList section */
		D2D3DAD5289442B5000130D5 /* Build configuration list for PBXProject "MeetnRun" */ = {
			isa = XCConfigurationList;
			buildConfigurations = (
				D2D3DAEF289442B7000130D5 /* Debug */,
				D2D3DAF0289442B7000130D5 /* Release */,
			);
			defaultConfigurationIsVisible = 0;
			defaultConfigurationName = Release;
		};
		D2D3DAF1289442B7000130D5 /* Build configuration list for PBXNativeTarget "MeetnRun" */ = {
			isa = XCConfigurationList;
			buildConfigurations = (
				D2D3DAF2289442B7000130D5 /* Debug */,
				D2D3DAF3289442B7000130D5 /* Release */,
			);
			defaultConfigurationIsVisible = 0;
			defaultConfigurationName = Release;
		};
/* End XCConfigurationList section */

/* Begin XCVersionGroup section */
		D2D3DAE6289442B5000130D5 /* MeetnRun.xcdatamodeld */ = {
			isa = XCVersionGroup;
			children = (
				D2D3DAE7289442B5000130D5 /* MeetnRun.xcdatamodel */,
			);
			currentVersion = D2D3DAE7289442B5000130D5 /* MeetnRun.xcdatamodel */;
			path = MeetnRun.xcdatamodeld;
			sourceTree = "<group>";
			versionGroupType = wrapper.xcdatamodel;
		};
/* End XCVersionGroup section */
	};
	rootObject = D2D3DAD2289442B5000130D5 /* Project object */;
}
